
Microsoft Visual Studio Solution File, Format Version 12.00
# Visual Studio Version 17
VisualStudioVersion = 17.5.33516.290
MinimumVisualStudioVersion = 10.0.40219.1
Project("{9A19103F-16F7-4668-BE54-9A1E7A4F7556}") = "Core.Persistence", "Core.Persistence\Core.Persistence.csproj", "{8F99ACC8-D3DC-43BA-9090-543FF8EF3616}"
EndProject
Project("{FAE04EC0-301F-11D3-BF4B-00C04F79EFBC}") = "Core.Application", "Core.Application\Core.Application.csproj", "{56DFFF7D-ED02-4B8A-B4C9-4615F962A04E}"
EndProject
Global
	GlobalSection(SolutionConfigurationPlatforms) = preSolution
		Debug|Any CPU = Debug|Any CPU
		Release|Any CPU = Release|Any CPU
	EndGlobalSection
	GlobalSection(ProjectConfigurationPlatforms) = postSolution
		{8F99ACC8-D3DC-43BA-9090-543FF8EF3616}.Debug|Any CPU.ActiveCfg = Debug|Any CPU
		{8F99ACC8-D3DC-43BA-9090-543FF8EF3616}.Debug|Any CPU.Build.0 = Debug|Any CPU
		{8F99ACC8-D3DC-43BA-9090-543FF8EF3616}.Release|Any CPU.ActiveCfg = Release|Any CPU
		{8F99ACC8-D3DC-43BA-9090-543FF8EF3616}.Release|Any CPU.Build.0 = Release|Any CPU
		{56DFFF7D-ED02-4B8A-B4C9-4615F962A04E}.Debug|Any CPU.ActiveCfg = Debug|Any CPU
		{56DFFF7D-ED02-4B8A-B4C9-4615F962A04E}.Debug|Any CPU.Build.0 = Debug|Any CPU
		{56DFFF7D-ED02-4B8A-B4C9-4615F962A04E}.Release|Any CPU.ActiveCfg = Release|Any CPU
		{56DFFF7D-ED02-4B8A-B4C9-4615F962A04E}.Release|Any CPU.Build.0 = Release|Any CPU
	EndGlobalSection
	GlobalSection(SolutionProperties) = preSolution
		HideSolutionNode = FALSE
	EndGlobalSection
	GlobalSection(ExtensibilityGlobals) = postSolution
		SolutionGuid = {CC520FA3-F084-4F42-B022-8E9415AB7A93}
	EndGlobalSection
EndGlobal
